{
  "originHash" : "ace93875c827936e498effdf43e4e300d059451a95f613d77dd607230ac17fe6",
  "pins" : [
    {
      "identity" : "capacitor-swift-pm",
      "kind" : "remoteSourceControl",
      "location" : "https://github.com/ionic-team/capacitor-swift-pm.git",
      "state" : {
        "revision" : "4c7f346d16196e21fbe23d4a7a6fc7af62af6742",
        "version" : "8.5.3"
      }
    },
    {
      "identity" : "ion-ios-filesystem",
      "kind" : "remoteSourceControl",
      "location" : "https://github.com/ionic-team/ion-ios-filesystem.git",
      "state" : {
        "revision" : "13848aab4f3447ff98dfdbe72ff8ef31bf333db0",
        "version" : "2.0.0"
      }
    },
    {
      "identity" : "ion-ios-geolocation",
      "kind" : "remoteSourceControl",
      "location" : "https://github.com/ionic-team/ion-ios-geolocation.git",
      "state" : {
        "revision" : "37e808a624268af58bbd5a804c92fee487449de8",
        "version" : "3.0.0"
      }
    },
    {
      "identity" : "osbarcodelib-ios",
      "kind" : "remoteSourceControl",
      "location" : "https://github.com/OutSystems/OSBarcodeLib-iOS.git",
      "state" : {
        "revision" : "c97a837b5faaca004b28c03c309a1578f2bd6c21",
        "version" : "3.0.0"
      }
    }
  ],
  "version" : 3
}
